
Microsoft Visual Studio Solution File, Format Version 12.00
Project("{FAE04EC0-301F-11D3-BF4B-00C04F79EFBC}") = "ManejoDeDatos", "ManejoDeDatos\ManejoDeDatos.csproj", "{DAA5AE71-94CB-435E-93B3-C93677AA66D0}"
EndProject
Global
	GlobalSection(SolutionConfigurationPlatforms) = preSolution
		Debug|Any CPU = Debug|Any CPU
		Release|Any CPU = Release|Any CPU
	EndGlobalSection
	GlobalSection(ProjectConfigurationPlatforms) = postSolution
		{DAA5AE71-94CB-435E-93B3-C93677AA66D0}.Debug|Any CPU.ActiveCfg = Debug|Any CPU
		{DAA5AE71-94CB-435E-93B3-C93677AA66D0}.Debug|Any CPU.Build.0 = Debug|Any CPU
		{DAA5AE71-94CB-435E-93B3-C93677AA66D0}.Release|Any CPU.ActiveCfg = Release|Any CPU
		{DAA5AE71-94CB-435E-93B3-C93677AA66D0}.Release|Any CPU.Build.0 = Release|Any CPU
	EndGlobalSection
EndGlobal
